{
  "name": "usb2xxx",
  "version": "1.0.0",
  "lockfileVersion": 2,
  "requires": true,
  "packages": {
    "": {
      "name": "usb2xxx",
      "version": "1.0.0",
      "license": "MIT",
      "dependencies": {
        "ffi-napi": "^4.0.3",
        "ref-array-di": "^1.2.2",
        "ref-napi": "^3.0.3",
        "ref-struct-di": "^1.1.1"
      },
      "devDependencies": {
        "@types/ffi-napi": "^4.0.5",
        "@types/node": "^17.0.21",
        "@types/ref-array-di": "^1.2.3",
        "@types/ref-napi": "^3.0.4",
        "@types/ref-struct-di": "^1.1.6",
        "ts-node": "^10.7.0",
        "typescript": "^4.6.2"
      }
    },
    "node_modules/@cspotcode/source-map-consumer": {
      "version": "0.8.0",
      "resolved": "https://registry.npmmirror.com/@cspotcode/source-map-consumer/-/source-map-consumer-0.8.0.tgz",
      "integrity": "sha512-41qniHzTU8yAGbCp04ohlmSrZf8bkf/iJsl3V0dRGsQN/5GFfx+LbCSsCpp2gqrqjTVg/K6O8ycoV35JIwAzAg==",
      "dev": true,
      "engines": {
        "node": ">= 12"
      }
    },
    "node_modules/@cspotcode/source-map-support": {
      "version": "0.7.0",
      "resolved": "https://registry.npmmirror.com/@cspotcode/source-map-support/-/source-map-support-0.7.0.tgz",
      "integrity": "sha512-X4xqRHqN8ACt2aHVe51OxeA2HjbcL4MqFqXkrmQszJ1NOUuUu5u6Vqx/0lZSVNku7velL5FC/s5uEAj1lsBMhA==",
      "dev": true,
      "dependencies": {
        "@cspotcode/source-map-consumer": "0.8.0"
      },
      "engines": {
        "node": ">=12"
      }
    },
    "node_modules/@tsconfig/node10": {
      "version": "1.0.8",
      "resolved": "https://registry.npmmirror.com/@tsconfig/node10/-/node10-1.0.8.tgz",
      "integrity": "sha512-6XFfSQmMgq0CFLY1MslA/CPUfhIL919M1rMsa5lP2P097N2Wd1sSX0tx1u4olM16fLNhtHZpRhedZJphNJqmZg==",
      "dev": true
    },
    "node_modules/@tsconfig/node12": {
      "version": "1.0.9",
      "resolved": "https://registry.npmmirror.com/@tsconfig/node12/-/node12-1.0.9.tgz",
      "integrity": "sha512-/yBMcem+fbvhSREH+s14YJi18sp7J9jpuhYByADT2rypfajMZZN4WQ6zBGgBKp53NKmqI36wFYDb3yaMPurITw==",
      "dev": true
    },
    "node_modules/@tsconfig/node14": {
      "version": "1.0.1",
      "resolved": "https://registry.npmmirror.com/@tsconfig/node14/-/node14-1.0.1.tgz",
      "integrity": "sha512-509r2+yARFfHHE7T6Puu2jjkoycftovhXRqW328PDXTVGKihlb1P8Z9mMZH04ebyajfRY7dedfGynlrFHJUQCg==",
      "dev": true
    },
    "node_modules/@tsconfig/node16": {
      "version": "1.0.2",
      "resolved": "https://registry.npmmirror.com/@tsconfig/node16/-/node16-1.0.2.tgz",
      "integrity": "sha512-eZxlbI8GZscaGS7kkc/trHTT5xgrjH3/1n2JDwusC9iahPKWMRvRjJSAN5mCXviuTGQ/lHnhvv8Q1YTpnfz9gA==",
      "dev": true
    },
    "node_modules/@types/ffi-napi": {
      "version": "4.0.5",
      "resolved": "https://registry.npmmirror.com/@types/ffi-napi/-/ffi-napi-4.0.5.tgz",
      "integrity": "sha512-WDPpCcHaPhHmP1FIw3ds/+OLt8bYQ/h3SO7o+8kH771PL21kHVzTwii7+WyMBXMQrBsR6xVU2y7w+h+9ggpaQw==",
      "dev": true,
      "dependencies": {
        "@types/node": "*",
        "@types/ref-napi": "*",
        "@types/ref-struct-di": "*"
      }
    },
    "node_modules/@types/node": {
      "version": "17.0.21",
      "resolved": "https://registry.npmmirror.com/@types/node/-/node-17.0.21.tgz",
      "integrity": "sha512-DBZCJbhII3r90XbQxI8Y9IjjiiOGlZ0Hr32omXIZvwwZ7p4DMMXGrKXVyPfuoBOri9XNtL0UK69jYIBIsRX3QQ==",
      "dev": true
    },
    "node_modules/@types/ref-array-di": {
      "version": "1.2.3",
      "resolved": "https://registry.npmmirror.com/@types/ref-array-di/-/ref-array-di-1.2.3.tgz",
      "integrity": "sha512-vD2JoXDSe4p4NDTWHLcwfb+y17fkJ6wOWu2q9B7wYBwXZ2qoWHRyHc2zuZdz6Xr1/gC+Asp09tuNbDGeWupQ7A==",
      "dev": true,
      "dependencies": {
        "@types/ref-napi": "*"
      }
    },
    "node_modules/@types/ref-napi": {
      "version": "3.0.4",
      "resolved": "https://registry.npmmirror.com/@types/ref-napi/-/ref-napi-3.0.4.tgz",
      "integrity": "sha512-ng8SCmdZbz1GHaW3qgGoX9IaHoIvgMqgBHLe3sv18NbAkHVgnjRW8fJq51VTUm4lnJyLu60q9/002o7qjOg13g==",
      "dev": true,
      "dependencies": {
        "@types/node": "*"
      }
    },
    "node_modules/@types/ref-struct-di": {
      "version": "1.1.6",
      "resolved": "https://registry.npmmirror.com/@types/ref-struct-di/-/ref-struct-di-1.1.6.tgz",
      "integrity": "sha512-+Sa2H3ynDYo2ungR3d5kmNetlkAYNqQVjJvs1k7i6zvo7Zu/qb+OsrXU54RuiOYJCwY9piN+hOd4YRRaiEOqgw==",
      "dev": true,
      "dependencies": {
        "@types/ref-napi": "*"
      }
    },
    "node_modules/acorn": {
      "version": "8.7.0",
      "resolved": "https://registry.npmmirror.com/acorn/-/acorn-8.7.0.tgz",
      "integrity": "sha512-V/LGr1APy+PXIwKebEWrkZPwoeoF+w1jiOBUmuxuiUIaOHtob8Qc9BTrYo7VuI5fR8tqsy+buA2WFooR5olqvQ==",
      "dev": true,
      "bin": {
        "acorn": "bin/acorn"
      },
      "engines": {
        "node": ">=0.4.0"
      }
    },
    "node_modules/acorn-walk": {
      "version": "8.2.0",
      "resolved": "https://registry.npmmirror.com/acorn-walk/-/acorn-walk-8.2.0.tgz",
      "integrity": "sha512-k+iyHEuPgSw6SbuDpGQM+06HQUa04DZ3o+F6CSzXMvvI5KMvnaEqXe+YVe555R9nn6GPt404fos4wcgpw12SDA==",
      "dev": true,
      "engines": {
        "node": ">=0.4.0"
      }
    },
    "node_modules/arg": {
      "version": "4.1.3",
      "resolved": "https://registry.npmmirror.com/arg/-/arg-4.1.3.tgz",
      "integrity": "sha512-58S9QDqG0Xx27YwPSt9fJxivjYl432YCwfDMfZ+71RAqUrZef7LrKQZ3LHLOwCS4FLNBplP533Zx895SeOCHvA==",
      "dev": true
    },
    "node_modules/array-index": {
      "version": "1.0.0",
      "resolved": "https://registry.npmmirror.com/array-index/-/array-index-1.0.0.tgz",
      "integrity": "sha512-jesyNbBkLQgGZMSwA1FanaFjalb1mZUGxGeUEkSDidzgrbjBGhvizJkaItdhkt8eIHFOJC7nDsrXk+BaehTdRw==",
      "dependencies": {
        "debug": "^2.2.0",
        "es6-symbol": "^3.0.2"
      },
      "engines": {
        "node": "*"
      }
    },
    "node_modules/array-index/node_modules/debug": {
      "version": "2.6.9",
      "resolved": "https://registry.npmmirror.com/debug/-/debug-2.6.9.tgz",
      "integrity": "sha512-bC7ElrdJaJnPbAP+1EotYvqZsb3ecl5wi6Bfi6BJTUcNowp6cvspg0jXznRTKDjm/E7AdgFBVeAPVMNcKGsHMA==",
      "dependencies": {
        "ms": "2.0.0"
      }
    },
    "node_modules/array-index/node_modules/ms": {
      "version": "2.0.0",
      "resolved": "https://registry.npmmirror.com/ms/-/ms-2.0.0.tgz",
      "integrity": "sha512-Tpp60P6IUJDTuOq/5Z8cdskzJujfwqfOTkrwIwj7IRISpnkJnT6SyJ4PCPnGMoFjC9ddhal5KVIYtAt97ix05A=="
    },
    "node_modules/create-require": {
      "version": "1.1.1",
      "resolved": "https://registry.npmmirror.com/create-require/-/create-require-1.1.1.tgz",
      "integrity": "sha512-dcKFX3jn0MpIaXjisoRvexIJVEKzaq7z2rZKxf+MSr9TkdmHmsU4m2lcLojrj/FHl8mk5VxMmYA+ftRkP/3oKQ==",
      "dev": true
    },
    "node_modules/d": {
      "version": "1.0.1",
      "resolved": "https://registry.npmmirror.com/d/-/d-1.0.1.tgz",
      "integrity": "sha512-m62ShEObQ39CfralilEQRjH6oAMtNCV1xJyEx5LpRYUVN+EviphDgUc/F3hnYbADmkiNs67Y+3ylmlG7Lnu+FA==",
      "dependencies": {
        "es5-ext": "^0.10.50",
        "type": "^1.0.1"
      }
    },
    "node_modules/debug": {
      "version": "4.3.3",
      "resolved": "https://registry.npmmirror.com/debug/-/debug-4.3.3.tgz",
      "integrity": "sha512-/zxw5+vh1Tfv+4Qn7a5nsbcJKPaSvCDhojn6FEl9vupwK2VCSDtEiEtqr8DFtzYFOdz63LBkxec7DYuc2jon6Q==",
      "dependencies": {
        "ms": "2.1.2"
      },
      "engines": {
        "node": ">=6.0"
      },
      "peerDependenciesMeta": {
        "supports-color": {
          "optional": true
        }
      }
    },
    "node_modules/diff": {
      "version": "4.0.2",
      "resolved": "https://registry.npmmirror.com/diff/-/diff-4.0.2.tgz",
      "integrity": "sha512-58lmxKSA4BNyLz+HHMUzlOEpg09FV+ev6ZMe3vJihgdxzgcwZ8VoEEPmALCZG9LmqfVoNMMKpttIYTVG6uDY7A==",
      "dev": true,
      "engines": {
        "node": ">=0.3.1"
      }
    },
    "node_modules/es5-ext": {
      "version": "0.10.53",
      "resolved": "https://registry.npmmirror.com/es5-ext/-/es5-ext-0.10.53.tgz",
      "integrity": "sha512-Xs2Stw6NiNHWypzRTY1MtaG/uJlwCk8kH81920ma8mvN8Xq1gsfhZvpkImLQArw8AHnv8MT2I45J3c0R8slE+Q==",
      "dependencies": {
        "es6-iterator": "~2.0.3",
        "es6-symbol": "~3.1.3",
        "next-tick": "~1.0.0"
      }
    },
    "node_modules/es6-iterator": {
      "version": "2.0.3",
      "resolved": "https://registry.npmmirror.com/es6-iterator/-/es6-iterator-2.0.3.tgz",
      "integrity": "sha512-zw4SRzoUkd+cl+ZoE15A9o1oQd920Bb0iOJMQkQhl3jNc03YqVjAhG7scf9C5KWRU/R13Orf588uCC6525o02g==",
      "dependencies": {
        "d": "1",
        "es5-ext": "^0.10.35",
        "es6-symbol": "^3.1.1"
      }
    },
    "node_modules/es6-symbol": {
      "version": "3.1.3",
      "resolved": "https://registry.npmmirror.com/es6-symbol/-/es6-symbol-3.1.3.tgz",
      "integrity": "sha512-NJ6Yn3FuDinBaBRWl/q5X/s4koRHBrgKAu+yGI6JCBeiu3qrcbJhwT2GeR/EXVfylRk8dpQVJoLEFhK+Mu31NA==",
      "dependencies": {
        "d": "^1.0.1",
        "ext": "^1.1.2"
      }
    },
    "node_modules/ext": {
      "version": "1.6.0",
      "resolved": "https://registry.npmmirror.com/ext/-/ext-1.6.0.tgz",
      "integrity": "sha512-sdBImtzkq2HpkdRLtlLWDa6w4DX22ijZLKx8BMPUuKe1c5lbN6xwQDQCxSfxBQnHZ13ls/FH0MQZx/q/gr6FQg==",
      "dependencies": {
        "type": "^2.5.0"
      }
    },
    "node_modules/ext/node_modules/type": {
      "version": "2.6.0",
      "resolved": "https://registry.npmmirror.com/type/-/type-2.6.0.tgz",
      "integrity": "sha512-eiDBDOmkih5pMbo9OqsqPRGMljLodLcwd5XD5JbtNB0o89xZAwynY9EdCDsJU7LtcVCClu9DvM7/0Ep1hYX3EQ=="
    },
    "node_modules/ffi-napi": {
      "version": "4.0.3",
      "resolved": "https://registry.npmmirror.com/ffi-napi/-/ffi-napi-4.0.3.tgz",
      "integrity": "sha512-PMdLCIvDY9mS32RxZ0XGb95sonPRal8aqRhLbeEtWKZTe2A87qRFG9HjOhvG8EX2UmQw5XNRMIOT+1MYlWmdeg==",
      "hasInstallScript": true,
      "dependencies": {
        "debug": "^4.1.1",
        "get-uv-event-loop-napi-h": "^1.0.5",
        "node-addon-api": "^3.0.0",
        "node-gyp-build": "^4.2.1",
        "ref-napi": "^2.0.1 || ^3.0.2",
        "ref-struct-di": "^1.1.0"
      },
      "engines": {
        "node": ">=10"
      }
    },
    "node_modules/get-symbol-from-current-process-h": {
      "version": "1.0.2",
      "resolved": "https://registry.npmmirror.com/get-symbol-from-current-process-h/-/get-symbol-from-current-process-h-1.0.2.tgz",
      "integrity": "sha512-syloC6fsCt62ELLrr1VKBM1ggOpMdetX9hTrdW77UQdcApPHLmf7CI7OKcN1c9kYuNxKcDe4iJ4FY9sX3aw2xw=="
    },
    "node_modules/get-uv-event-loop-napi-h": {
      "version": "1.0.6",
      "resolved": "https://registry.npmmirror.com/get-uv-event-loop-napi-h/-/get-uv-event-loop-napi-h-1.0.6.tgz",
      "integrity": "sha512-t5c9VNR84nRoF+eLiz6wFrEp1SE2Acg0wS+Ysa2zF0eROes+LzOfuTaVHxGy8AbS8rq7FHEJzjnCZo1BupwdJg==",
      "dependencies": {
        "get-symbol-from-current-process-h": "^1.0.1"
      }
    },
    "node_modules/make-error": {
      "version": "1.3.6",
      "resolved": "https://registry.npmmirror.com/make-error/-/make-error-1.3.6.tgz",
      "integrity": "sha512-s8UhlNe7vPKomQhC1qFelMokr/Sc3AgNbso3n74mVPA5LTZwkB9NlXf4XPamLxJE8h0gh73rM94xvwRT2CVInw==",
      "dev": true
    },
    "node_modules/ms": {
      "version": "2.1.2",
      "resolved": "https://registry.npmmirror.com/ms/-/ms-2.1.2.tgz",
      "integrity": "sha512-sGkPx+VjMtmA6MX27oA4FBFELFCZZ4S4XqeGOXCv68tT+jb3vk/RyaKWP0PTKyWtmLSM0b+adUTEvbs1PEaH2w=="
    },
    "node_modules/next-tick": {
      "version": "1.0.0",
      "resolved": "https://registry.npmmirror.com/next-tick/-/next-tick-1.0.0.tgz",
      "integrity": "sha512-mc/caHeUcdjnC/boPWJefDr4KUIWQNv+tlnFnJd38QMou86QtxQzBJfxgGRzvx8jazYRqrVlaHarfO72uNxPOg=="
    },
    "node_modules/node-addon-api": {
      "version": "3.2.1",
      "resolved": "https://registry.npmmirror.com/node-addon-api/-/node-addon-api-3.2.1.tgz",
      "integrity": "sha512-mmcei9JghVNDYydghQmeDX8KoAm0FAiYyIcUt/N4nhyAipB17pllZQDOJD2fotxABnt4Mdz+dKTO7eftLg4d0A=="
    },
    "node_modules/node-gyp-build": {
      "version": "4.3.0",
      "resolved": "https://registry.npmmirror.com/node-gyp-build/-/node-gyp-build-4.3.0.tgz",
      "integrity": "sha512-iWjXZvmboq0ja1pUGULQBexmxq8CV4xBhX7VDOTbL7ZR4FOowwY/VOtRxBN/yKxmdGoIp4j5ysNT4u3S2pDQ3Q==",
      "bin": {
        "node-gyp-build": "bin.js",
        "node-gyp-build-optional": "optional.js",
        "node-gyp-build-test": "build-test.js"
      }
    },
    "node_modules/ref-array-di": {
      "version": "1.2.2",
      "resolved": "https://registry.npmmirror.com/ref-array-di/-/ref-array-di-1.2.2.tgz",
      "integrity": "sha512-jhCmhqWa7kvCVrWhR/d7RemkppqPUdxEil1CtTtm7FkZV8LcHHCK3Or9GinUiFP5WY3k0djUkMvhBhx49Jb2iA==",
      "dependencies": {
        "array-index": "^1.0.0",
        "debug": "^3.1.0"
      }
    },
    "node_modules/ref-array-di/node_modules/debug": {
      "version": "3.2.7",
      "resolved": "https://registry.npmmirror.com/debug/-/debug-3.2.7.tgz",
      "integrity": "sha512-CFjzYYAi4ThfiQvizrFQevTTXHtnCqWfe7x1AhgEscTz6ZbLbfoLRLPugTQyBth6f8ZERVUSyWHFD/7Wu4t1XQ==",
      "dependencies": {
        "ms": "^2.1.1"
      }
    },
    "node_modules/ref-napi": {
      "version": "3.0.3",
      "resolved": "https://registry.npmmirror.com/ref-napi/-/ref-napi-3.0.3.tgz",
      "integrity": "sha512-LiMq/XDGcgodTYOMppikEtJelWsKQERbLQsYm0IOOnzhwE9xYZC7x8txNnFC9wJNOkPferQI4vD4ZkC0mDyrOA==",
      "hasInstallScript": true,
      "dependencies": {
        "debug": "^4.1.1",
        "get-symbol-from-current-process-h": "^1.0.2",
        "node-addon-api": "^3.0.0",
        "node-gyp-build": "^4.2.1"
      },
      "engines": {
        "node": ">= 10.0"
      }
    },
    "node_modules/ref-struct-di": {
      "version": "1.1.1",
      "resolved": "https://registry.npmmirror.com/ref-struct-di/-/ref-struct-di-1.1.1.tgz",
      "integrity": "sha512-2Xyn/0Qgz89VT+++WP0sTosdm9oeowLP23wRJYhG4BFdMUrLj3jhwHZNEytYNYgtPKLNTP3KJX4HEgBvM1/Y2g==",
      "dependencies": {
        "debug": "^3.1.0"
      }
    },
    "node_modules/ref-struct-di/node_modules/debug": {
      "version": "3.2.7",
      "resolved": "https://registry.npmmirror.com/debug/-/debug-3.2.7.tgz",
      "integrity": "sha512-CFjzYYAi4ThfiQvizrFQevTTXHtnCqWfe7x1AhgEscTz6ZbLbfoLRLPugTQyBth6f8ZERVUSyWHFD/7Wu4t1XQ==",
      "dependencies": {
        "ms": "^2.1.1"
      }
    },
    "node_modules/ts-node": {
      "version": "10.7.0",
      "resolved": "https://registry.npmmirror.com/ts-node/-/ts-node-10.7.0.tgz",
      "integrity": "sha512-TbIGS4xgJoX2i3do417KSaep1uRAW/Lu+WAL2doDHC0D6ummjirVOXU5/7aiZotbQ5p1Zp9tP7U6cYhA0O7M8A==",
      "dev": true,
      "dependencies": {
        "@cspotcode/source-map-support": "0.7.0",
        "@tsconfig/node10": "^1.0.7",
        "@tsconfig/node12": "^1.0.7",
        "@tsconfig/node14": "^1.0.0",
        "@tsconfig/node16": "^1.0.2",
        "acorn": "^8.4.1",
        "acorn-walk": "^8.1.1",
        "arg": "^4.1.0",
        "create-require": "^1.1.0",
        "diff": "^4.0.1",
        "make-error": "^1.1.1",
        "v8-compile-cache-lib": "^3.0.0",
        "yn": "3.1.1"
      },
      "bin": {
        "ts-node": "dist/bin.js",
        "ts-node-cwd": "dist/bin-cwd.js",
        "ts-node-esm": "dist/bin-esm.js",
        "ts-node-script": "dist/bin-script.js",
        "ts-node-transpile-only": "dist/bin-transpile.js",
        "ts-script": "dist/bin-script-deprecated.js"
      },
      "peerDependencies": {
        "@swc/core": ">=1.2.50",
        "@swc/wasm": ">=1.2.50",
        "@types/node": "*",
        "typescript": ">=2.7"
      },
      "peerDependenciesMeta": {
        "@swc/core": {
          "optional": true
        },
        "@swc/wasm": {
          "optional": true
        }
      }
    },
    "node_modules/type": {
      "version": "1.2.0",
      "resolved": "https://registry.npmmirror.com/type/-/type-1.2.0.tgz",
      "integrity": "sha512-+5nt5AAniqsCnu2cEQQdpzCAh33kVx8n0VoFidKpB1dVVLAN/F+bgVOqOJqOnEnrhp222clB5p3vUlD+1QAnfg=="
    },
    "node_modules/typescript": {
      "version": "4.6.2",
      "resolved": "https://registry.npmmirror.com/typescript/-/typescript-4.6.2.tgz",
      "integrity": "sha512-HM/hFigTBHZhLXshn9sN37H085+hQGeJHJ/X7LpBWLID/fbc2acUMfU+lGD98X81sKP+pFa9f0DZmCwB9GnbAg==",
      "dev": true,
      "bin": {
        "tsc": "bin/tsc",
        "tsserver": "bin/tsserver"
      },
      "engines": {
        "node": ">=4.2.0"
      }
    },
    "node_modules/v8-compile-cache-lib": {
      "version": "3.0.0",
      "resolved": "https://registry.npmmirror.com/v8-compile-cache-lib/-/v8-compile-cache-lib-3.0.0.tgz",
      "integrity": "sha512-mpSYqfsFvASnSn5qMiwrr4VKfumbPyONLCOPmsR3A6pTY/r0+tSaVbgPWSAIuzbk3lCTa+FForeTiO+wBQGkjA==",
      "dev": true
    },
    "node_modules/yn": {
      "version": "3.1.1",
      "resolved": "https://registry.npmmirror.com/yn/-/yn-3.1.1.tgz",
      "integrity": "sha512-Ux4ygGWsu2c7isFWe8Yu1YluJmqVhxqK2cLXNQA5AcC3QfbGNpM7fu0Y8b/z16pXLnFxZYvWhd3fhBY9DLmC6Q==",
      "dev": true,
      "engines": {
        "node": ">=6"
      }
    }
  },
  "dependencies": {
    "@cspotcode/source-map-consumer": {
      "version": "0.8.0",
      "resolved": "https://registry.npmmirror.com/@cspotcode/source-map-consumer/-/source-map-consumer-0.8.0.tgz",
      "integrity": "sha512-41qniHzTU8yAGbCp04ohlmSrZf8bkf/iJsl3V0dRGsQN/5GFfx+LbCSsCpp2gqrqjTVg/K6O8ycoV35JIwAzAg==",
      "dev": true
    },
    "@cspotcode/source-map-support": {
      "version": "0.7.0",
      "resolved": "https://registry.npmmirror.com/@cspotcode/source-map-support/-/source-map-support-0.7.0.tgz",
      "integrity": "sha512-X4xqRHqN8ACt2aHVe51OxeA2HjbcL4MqFqXkrmQszJ1NOUuUu5u6Vqx/0lZSVNku7velL5FC/s5uEAj1lsBMhA==",
      "dev": true,
      "requires": {
        "@cspotcode/source-map-consumer": "0.8.0"
      }
    },
    "@tsconfig/node10": {
      "version": "1.0.8",
      "resolved": "https://registry.npmmirror.com/@tsconfig/node10/-/node10-1.0.8.tgz",
      "integrity": "sha512-6XFfSQmMgq0CFLY1MslA/CPUfhIL919M1rMsa5lP2P097N2Wd1sSX0tx1u4olM16fLNhtHZpRhedZJphNJqmZg==",
      "dev": true
    },
    "@tsconfig/node12": {
      "version": "1.0.9",
      "resolved": "https://registry.npmmirror.com/@tsconfig/node12/-/node12-1.0.9.tgz",
      "integrity": "sha512-/yBMcem+fbvhSREH+s14YJi18sp7J9jpuhYByADT2rypfajMZZN4WQ6zBGgBKp53NKmqI36wFYDb3yaMPurITw==",
      "dev": true
    },
    "@tsconfig/node14": {
      "version": "1.0.1",
      "resolved": "https://registry.npmmirror.com/@tsconfig/node14/-/node14-1.0.1.tgz",
      "integrity": "sha512-509r2+yARFfHHE7T6Puu2jjkoycftovhXRqW328PDXTVGKihlb1P8Z9mMZH04ebyajfRY7dedfGynlrFHJUQCg==",
      "dev": true
    },
    "@tsconfig/node16": {
      "version": "1.0.2",
      "resolved": "https://registry.npmmirror.com/@tsconfig/node16/-/node16-1.0.2.tgz",
      "integrity": "sha512-eZxlbI8GZscaGS7kkc/trHTT5xgrjH3/1n2JDwusC9iahPKWMRvRjJSAN5mCXviuTGQ/lHnhvv8Q1YTpnfz9gA==",
      "dev": true
    },
    "@types/ffi-napi": {
      "version": "4.0.5",
      "resolved": "https://registry.npmmirror.com/@types/ffi-napi/-/ffi-napi-4.0.5.tgz",
      "integrity": "sha512-WDPpCcHaPhHmP1FIw3ds/+OLt8bYQ/h3SO7o+8kH771PL21kHVzTwii7+WyMBXMQrBsR6xVU2y7w+h+9ggpaQw==",
      "dev": true,
      "requires": {
        "@types/node": "*",
        "@types/ref-napi": "*",
        "@types/ref-struct-di": "*"
      }
    },
    "@types/node": {
      "version": "17.0.21",
      "resolved": "https://registry.npmmirror.com/@types/node/-/node-17.0.21.tgz",
      "integrity": "sha512-DBZCJbhII3r90XbQxI8Y9IjjiiOGlZ0Hr32omXIZvwwZ7p4DMMXGrKXVyPfuoBOri9XNtL0UK69jYIBIsRX3QQ==",
      "dev": true
    },
    "@types/ref-array-di": {
      "version": "1.2.3",
      "resolved": "https://registry.npmmirror.com/@types/ref-array-di/-/ref-array-di-1.2.3.tgz",
      "integrity": "sha512-vD2JoXDSe4p4NDTWHLcwfb+y17fkJ6wOWu2q9B7wYBwXZ2qoWHRyHc2zuZdz6Xr1/gC+Asp09tuNbDGeWupQ7A==",
      "dev": true,
      "requires": {
        "@types/ref-napi": "*"
      }
    },
    "@types/ref-napi": {
      "version": "3.0.4",
      "resolved": "https://registry.npmmirror.com/@types/ref-napi/-/ref-napi-3.0.4.tgz",
      "integrity": "sha512-ng8SCmdZbz1GHaW3qgGoX9IaHoIvgMqgBHLe3sv18NbAkHVgnjRW8fJq51VTUm4lnJyLu60q9/002o7qjOg13g==",
      "dev": true,
      "requires": {
        "@types/node": "*"
      }
    },
    "@types/ref-struct-di": {
      "version": "1.1.6",
      "resolved": "https://registry.npmmirror.com/@types/ref-struct-di/-/ref-struct-di-1.1.6.tgz",
      "integrity": "sha512-+Sa2H3ynDYo2ungR3d5kmNetlkAYNqQVjJvs1k7i6zvo7Zu/qb+OsrXU54RuiOYJCwY9piN+hOd4YRRaiEOqgw==",
      "dev": true,
      "requires": {
        "@types/ref-napi": "*"
      }
    },
    "acorn": {
      "version": "8.7.0",
      "resolved": "https://registry.npmmirror.com/acorn/-/acorn-8.7.0.tgz",
      "integrity": "sha512-V/LGr1APy+PXIwKebEWrkZPwoeoF+w1jiOBUmuxuiUIaOHtob8Qc9BTrYo7VuI5fR8tqsy+buA2WFooR5olqvQ==",
      "dev": true
    },
    "acorn-walk": {
      "version": "8.2.0",
      "resolved": "https://registry.npmmirror.com/acorn-walk/-/acorn-walk-8.2.0.tgz",
      "integrity": "sha512-k+iyHEuPgSw6SbuDpGQM+06HQUa04DZ3o+F6CSzXMvvI5KMvnaEqXe+YVe555R9nn6GPt404fos4wcgpw12SDA==",
      "dev": true
    },
    "arg": {
      "version": "4.1.3",
      "resolved": "https://registry.npmmirror.com/arg/-/arg-4.1.3.tgz",
      "integrity": "sha512-58S9QDqG0Xx27YwPSt9fJxivjYl432YCwfDMfZ+71RAqUrZef7LrKQZ3LHLOwCS4FLNBplP533Zx895SeOCHvA==",
      "dev": true
    },
    "array-index": {
      "version": "1.0.0",
      "resolved": "https://registry.npmmirror.com/array-index/-/array-index-1.0.0.tgz",
      "integrity": "sha512-jesyNbBkLQgGZMSwA1FanaFjalb1mZUGxGeUEkSDidzgrbjBGhvizJkaItdhkt8eIHFOJC7nDsrXk+BaehTdRw==",
      "requires": {
        "debug": "^2.2.0",
        "es6-symbol": "^3.0.2"
      },
      "dependencies": {
        "debug": {
          "version": "2.6.9",
          "resolved": "https://registry.npmmirror.com/debug/-/debug-2.6.9.tgz",
          "integrity": "sha512-bC7ElrdJaJnPbAP+1EotYvqZsb3ecl5wi6Bfi6BJTUcNowp6cvspg0jXznRTKDjm/E7AdgFBVeAPVMNcKGsHMA==",
          "requires": {
            "ms": "2.0.0"
          }
        },
        "ms": {
          "version": "2.0.0",
          "resolved": "https://registry.npmmirror.com/ms/-/ms-2.0.0.tgz",
          "integrity": "sha512-Tpp60P6IUJDTuOq/5Z8cdskzJujfwqfOTkrwIwj7IRISpnkJnT6SyJ4PCPnGMoFjC9ddhal5KVIYtAt97ix05A=="
        }
      }
    },
    "create-require": {
      "version": "1.1.1",
      "resolved": "https://registry.npmmirror.com/create-require/-/create-require-1.1.1.tgz",
      "integrity": "sha512-dcKFX3jn0MpIaXjisoRvexIJVEKzaq7z2rZKxf+MSr9TkdmHmsU4m2lcLojrj/FHl8mk5VxMmYA+ftRkP/3oKQ==",
      "dev": true
    },
    "d": {
      "version": "1.0.1",
      "resolved": "https://registry.npmmirror.com/d/-/d-1.0.1.tgz",
      "integrity": "sha512-m62ShEObQ39CfralilEQRjH6oAMtNCV1xJyEx5LpRYUVN+EviphDgUc/F3hnYbADmkiNs67Y+3ylmlG7Lnu+FA==",
      "requires": {
        "es5-ext": "^0.10.50",
        "type": "^1.0.1"
      }
    },
    "debug": {
      "version": "4.3.3",
      "resolved": "https://registry.npmmirror.com/debug/-/debug-4.3.3.tgz",
      "integrity": "sha512-/zxw5+vh1Tfv+4Qn7a5nsbcJKPaSvCDhojn6FEl9vupwK2VCSDtEiEtqr8DFtzYFOdz63LBkxec7DYuc2jon6Q==",
      "requires": {
        "ms": "2.1.2"
      }
    },
    "diff": {
      "version": "4.0.2",
      "resolved": "https://registry.npmmirror.com/diff/-/diff-4.0.2.tgz",
      "integrity": "sha512-58lmxKSA4BNyLz+HHMUzlOEpg09FV+ev6ZMe3vJihgdxzgcwZ8VoEEPmALCZG9LmqfVoNMMKpttIYTVG6uDY7A==",
      "dev": true
    },
    "es5-ext": {
      "version": "0.10.53",
      "resolved": "https://registry.npmmirror.com/es5-ext/-/es5-ext-0.10.53.tgz",
      "integrity": "sha512-Xs2Stw6NiNHWypzRTY1MtaG/uJlwCk8kH81920ma8mvN8Xq1gsfhZvpkImLQArw8AHnv8MT2I45J3c0R8slE+Q==",
      "requires": {
        "es6-iterator": "~2.0.3",
        "es6-symbol": "~3.1.3",
        "next-tick": "~1.0.0"
      }
    },
    "es6-iterator": {
      "version": "2.0.3",
      "resolved": "https://registry.npmmirror.com/es6-iterator/-/es6-iterator-2.0.3.tgz",
      "integrity": "sha512-zw4SRzoUkd+cl+ZoE15A9o1oQd920Bb0iOJMQkQhl3jNc03YqVjAhG7scf9C5KWRU/R13Orf588uCC6525o02g==",
      "requires": {
        "d": "1",
        "es5-ext": "^0.10.35",
        "es6-symbol": "^3.1.1"
      }
    },
    "es6-symbol": {
      "version": "3.1.3",
      "resolved": "https://registry.npmmirror.com/es6-symbol/-/es6-symbol-3.1.3.tgz",
      "integrity": "sha512-NJ6Yn3FuDinBaBRWl/q5X/s4koRHBrgKAu+yGI6JCBeiu3qrcbJhwT2GeR/EXVfylRk8dpQVJoLEFhK+Mu31NA==",
      "requires": {
        "d": "^1.0.1",
        "ext": "^1.1.2"
      }
    },
    "ext": {
      "version": "1.6.0",
      "resolved": "https://registry.npmmirror.com/ext/-/ext-1.6.0.tgz",
      "integrity": "sha512-sdBImtzkq2HpkdRLtlLWDa6w4DX22ijZLKx8BMPUuKe1c5lbN6xwQDQCxSfxBQnHZ13ls/FH0MQZx/q/gr6FQg==",
      "requires": {
        "type": "^2.5.0"
      },
      "dependencies": {
        "type": {
          "version": "2.6.0",
          "resolved": "https://registry.npmmirror.com/type/-/type-2.6.0.tgz",
          "integrity": "sha512-eiDBDOmkih5pMbo9OqsqPRGMljLodLcwd5XD5JbtNB0o89xZAwynY9EdCDsJU7LtcVCClu9DvM7/0Ep1hYX3EQ=="
        }
      }
    },
    "ffi-napi": {
      "version": "4.0.3",
      "resolved": "https://registry.npmmirror.com/ffi-napi/-/ffi-napi-4.0.3.tgz",
      "integrity": "sha512-PMdLCIvDY9mS32RxZ0XGb95sonPRal8aqRhLbeEtWKZTe2A87qRFG9HjOhvG8EX2UmQw5XNRMIOT+1MYlWmdeg==",
      "requires": {
        "debug": "^4.1.1",
        "get-uv-event-loop-napi-h": "^1.0.5",
        "node-addon-api": "^3.0.0",
        "node-gyp-build": "^4.2.1",
        "ref-napi": "^2.0.1 || ^3.0.2",
        "ref-struct-di": "^1.1.0"
      }
    },
    "get-symbol-from-current-process-h": {
      "version": "1.0.2",
      "resolved": "https://registry.npmmirror.com/get-symbol-from-current-process-h/-/get-symbol-from-current-process-h-1.0.2.tgz",
      "integrity": "sha512-syloC6fsCt62ELLrr1VKBM1ggOpMdetX9hTrdW77UQdcApPHLmf7CI7OKcN1c9kYuNxKcDe4iJ4FY9sX3aw2xw=="
    },
    "get-uv-event-loop-napi-h": {
      "version": "1.0.6",
      "resolved": "https://registry.npmmirror.com/get-uv-event-loop-napi-h/-/get-uv-event-loop-napi-h-1.0.6.tgz",
      "integrity": "sha512-t5c9VNR84nRoF+eLiz6wFrEp1SE2Acg0wS+Ysa2zF0eROes+LzOfuTaVHxGy8AbS8rq7FHEJzjnCZo1BupwdJg==",
      "requires": {
        "get-symbol-from-current-process-h": "^1.0.1"
      }
    },
    "make-error": {
      "version": "1.3.6",
      "resolved": "https://registry.npmmirror.com/make-error/-/make-error-1.3.6.tgz",
      "integrity": "sha512-s8UhlNe7vPKomQhC1qFelMokr/Sc3AgNbso3n74mVPA5LTZwkB9NlXf4XPamLxJE8h0gh73rM94xvwRT2CVInw==",
      "dev": true
    },
    "ms": {
      "version": "2.1.2",
      "resolved": "https://registry.npmmirror.com/ms/-/ms-2.1.2.tgz",
      "integrity": "sha512-sGkPx+VjMtmA6MX27oA4FBFELFCZZ4S4XqeGOXCv68tT+jb3vk/RyaKWP0PTKyWtmLSM0b+adUTEvbs1PEaH2w=="
    },
    "next-tick": {
      "version": "1.0.0",
      "resolved": "https://registry.npmmirror.com/next-tick/-/next-tick-1.0.0.tgz",
      "integrity": "sha512-mc/caHeUcdjnC/boPWJefDr4KUIWQNv+tlnFnJd38QMou86QtxQzBJfxgGRzvx8jazYRqrVlaHarfO72uNxPOg=="
    },
    "node-addon-api": {
      "version": "3.2.1",
      "resolved": "https://registry.npmmirror.com/node-addon-api/-/node-addon-api-3.2.1.tgz",
      "integrity": "sha512-mmcei9JghVNDYydghQmeDX8KoAm0FAiYyIcUt/N4nhyAipB17pllZQDOJD2fotxABnt4Mdz+dKTO7eftLg4d0A=="
    },
    "node-gyp-build": {
      "version": "4.3.0",
      "resolved": "https://registry.npmmirror.com/node-gyp-build/-/node-gyp-build-4.3.0.tgz",
      "integrity": "sha512-iWjXZvmboq0ja1pUGULQBexmxq8CV4xBhX7VDOTbL7ZR4FOowwY/VOtRxBN/yKxmdGoIp4j5ysNT4u3S2pDQ3Q=="
    },
    "ref-array-di": {
      "version": "1.2.2",
      "resolved": "https://registry.npmmirror.com/ref-array-di/-/ref-array-di-1.2.2.tgz",
      "integrity": "sha512-jhCmhqWa7kvCVrWhR/d7RemkppqPUdxEil1CtTtm7FkZV8LcHHCK3Or9GinUiFP5WY3k0djUkMvhBhx49Jb2iA==",
      "requires": {
        "array-index": "^1.0.0",
        "debug": "^3.1.0"
      },
      "dependencies": {
        "debug": {
          "version": "3.2.7",
          "resolved": "https://registry.npmmirror.com/debug/-/debug-3.2.7.tgz",
          "integrity": "sha512-CFjzYYAi4ThfiQvizrFQevTTXHtnCqWfe7x1AhgEscTz6ZbLbfoLRLPugTQyBth6f8ZERVUSyWHFD/7Wu4t1XQ==",
          "requires": {
            "ms": "^2.1.1"
          }
        }
      }
    },
    "ref-napi": {
      "version": "3.0.3",
      "resolved": "https://registry.npmmirror.com/ref-napi/-/ref-napi-3.0.3.tgz",
      "integrity": "sha512-LiMq/XDGcgodTYOMppikEtJelWsKQERbLQsYm0IOOnzhwE9xYZC7x8txNnFC9wJNOkPferQI4vD4ZkC0mDyrOA==",
      "requires": {
        "debug": "^4.1.1",
        "get-symbol-from-current-process-h": "^1.0.2",
        "node-addon-api": "^3.0.0",
        "node-gyp-build": "^4.2.1"
      }
    },
    "ref-struct-di": {
      "version": "1.1.1",
      "resolved": "https://registry.npmmirror.com/ref-struct-di/-/ref-struct-di-1.1.1.tgz",
      "integrity": "sha512-2Xyn/0Qgz89VT+++WP0sTosdm9oeowLP23wRJYhG4BFdMUrLj3jhwHZNEytYNYgtPKLNTP3KJX4HEgBvM1/Y2g==",
      "requires": {
        "debug": "^3.1.0"
      },
      "dependencies": {
        "debug": {
          "version": "3.2.7",
          "resolved": "https://registry.npmmirror.com/debug/-/debug-3.2.7.tgz",
          "integrity": "sha512-CFjzYYAi4ThfiQvizrFQevTTXHtnCqWfe7x1AhgEscTz6ZbLbfoLRLPugTQyBth6f8ZERVUSyWHFD/7Wu4t1XQ==",
          "requires": {
            "ms": "^2.1.1"
          }
        }
      }
    },
    "ts-node": {
      "version": "10.7.0",
      "resolved": "https://registry.npmmirror.com/ts-node/-/ts-node-10.7.0.tgz",
      "integrity": "sha512-TbIGS4xgJoX2i3do417KSaep1uRAW/Lu+WAL2doDHC0D6ummjirVOXU5/7aiZotbQ5p1Zp9tP7U6cYhA0O7M8A==",
      "dev": true,
      "requires": {
        "@cspotcode/source-map-support": "0.7.0",
        "@tsconfig/node10": "^1.0.7",
        "@tsconfig/node12": "^1.0.7",
        "@tsconfig/node14": "^1.0.0",
        "@tsconfig/node16": "^1.0.2",
        "acorn": "^8.4.1",
        "acorn-walk": "^8.1.1",
        "arg": "^4.1.0",
        "create-require": "^1.1.0",
        "diff": "^4.0.1",
        "make-error": "^1.1.1",
        "v8-compile-cache-lib": "^3.0.0",
        "yn": "3.1.1"
      }
    },
    "type": {
      "version": "1.2.0",
      "resolved": "https://registry.npmmirror.com/type/-/type-1.2.0.tgz",
      "integrity": "sha512-+5nt5AAniqsCnu2cEQQdpzCAh33kVx8n0VoFidKpB1dVVLAN/F+bgVOqOJqOnEnrhp222clB5p3vUlD+1QAnfg=="
    },
    "typescript": {
      "version": "4.6.2",
      "resolved": "https://registry.npmmirror.com/typescript/-/typescript-4.6.2.tgz",
      "integrity": "sha512-HM/hFigTBHZhLXshn9sN37H085+hQGeJHJ/X7LpBWLID/fbc2acUMfU+lGD98X81sKP+pFa9f0DZmCwB9GnbAg==",
      "dev": true
    },
    "v8-compile-cache-lib": {
      "version": "3.0.0",
      "resolved": "https://registry.npmmirror.com/v8-compile-cache-lib/-/v8-compile-cache-lib-3.0.0.tgz",
      "integrity": "sha512-mpSYqfsFvASnSn5qMiwrr4VKfumbPyONLCOPmsR3A6pTY/r0+tSaVbgPWSAIuzbk3lCTa+FForeTiO+wBQGkjA==",
      "dev": true
    },
    "yn": {
      "version": "3.1.1",
      "resolved": "https://registry.npmmirror.com/yn/-/yn-3.1.1.tgz",
      "integrity": "sha512-Ux4ygGWsu2c7isFWe8Yu1YluJmqVhxqK2cLXNQA5AcC3QfbGNpM7fu0Y8b/z16pXLnFxZYvWhd3fhBY9DLmC6Q==",
      "dev": true
    }
  }
}
